// !$*UTF8*$!
{
	archiveVersion = 1;
	classes = {
	};
	objectVersion = 46;
	objects = {

/* Begin PBXBuildFile section */
		282F5758E50AA5FB13771655 /* libPods-百思不得姐SEN.a in Frameworks */ = {isa = PBXBuildFile; fileRef = 39A788AFB5FACAA0C15278D4 /* libPods-百思不得姐SEN.a */; };
		C72226311DDB0D7B00A321BA /* main.m in Sources */ = {isa = PBXBuildFile; fileRef = C72226301DDB0D7B00A321BA /* main.m */; };
		C722264A1DDB0D7C00A321BA /* _____SENTests.m in Sources */ = {isa = PBXBuildFile; fileRef = C72226491DDB0D7C00A321BA /* _____SENTests.m */; };
		C72226551DDB0D7C00A321BA /* _____SENUITests.m in Sources */ = {isa = PBXBuildFile; fileRef = C72226541DDB0D7C00A321BA /* _____SENUITests.m */; };
		C743B0211DEA7B2000D1235A /* SENRecommendUserCell.m in Sources */ = {isa = PBXBuildFile; fileRef = C743B01F1DEA7B2000D1235A /* SENRecommendUserCell.m */; };
		C743B0221DEA7B2000D1235A /* SENRecommendUserCell.xib in Resources */ = {isa = PBXBuildFile; fileRef = C743B0201DEA7B2000D1235A /* SENRecommendUserCell.xib */; };
		C743B0251DEAB71000D1235A /* SENRecommendUser.m in Sources */ = {isa = PBXBuildFile; fileRef = C743B0241DEAB71000D1235A /* SENRecommendUser.m */; };
		C7472CA01E24821800890178 /* SENTopic.m in Sources */ = {isa = PBXBuildFile; fileRef = C7472C9F1E24821800890178 /* SENTopic.m */; };
		C7472CA41E24CD2A00890178 /* SENTopicCell.m in Sources */ = {isa = PBXBuildFile; fileRef = C7472CA21E24CD2A00890178 /* SENTopicCell.m */; };
		C7472CA51E24CD2A00890178 /* SENTopicCell.xib in Resources */ = {isa = PBXBuildFile; fileRef = C7472CA31E24CD2A00890178 /* SENTopicCell.xib */; };
		C74CD1B41DF651B7001577B4 /* SENPushGuideView.m in Sources */ = {isa = PBXBuildFile; fileRef = C74CD1B31DF651B7001577B4 /* SENPushGuideView.m */; };
		C74CD1B61DF651C6001577B4 /* SENPushGuideView.xib in Resources */ = {isa = PBXBuildFile; fileRef = C74CD1B51DF651C6001577B4 /* SENPushGuideView.xib */; };
		C753D51B1DE43C0C009B01DC /* SENFriendTrendsViewController.xib in Resources */ = {isa = PBXBuildFile; fileRef = C753D51A1DE43C0C009B01DC /* SENFriendTrendsViewController.xib */; };
		C753D51F1DE44CA1009B01DC /* SENRecommendViewController.m in Sources */ = {isa = PBXBuildFile; fileRef = C753D51D1DE44CA1009B01DC /* SENRecommendViewController.m */; };
		C753D5201DE44CA1009B01DC /* SENRecommendViewController.xib in Resources */ = {isa = PBXBuildFile; fileRef = C753D51E1DE44CA1009B01DC /* SENRecommendViewController.xib */; };
		C7584BFC1E0D11CA00EFD9BC /* SENSudoku.m in Sources */ = {isa = PBXBuildFile; fileRef = C7584BFB1E0D11CA00EFD9BC /* SENSudoku.m */; };
		C7584C021E0D3A0700EFD9BC /* SENTestViewViewController.m in Sources */ = {isa = PBXBuildFile; fileRef = C7584C001E0D3A0700EFD9BC /* SENTestViewViewController.m */; };
		C7584C031E0D3A0700EFD9BC /* SENTestViewViewController.xib in Resources */ = {isa = PBXBuildFile; fileRef = C7584C011E0D3A0700EFD9BC /* SENTestViewViewController.xib */; };
		C7826F201DF7A25D00D9E581 /* SENTextField.m in Sources */ = {isa = PBXBuildFile; fileRef = C7826F1F1DF7A25D00D9E581 /* SENTextField.m */; };
		C782A93B1E2CA7680076F4FA /* NSDate+SENExtension.m in Sources */ = {isa = PBXBuildFile; fileRef = C782A93A1E2CA7680076F4FA /* NSDate+SENExtension.m */; };
		C78554D91DE3E74C0077A3E9 /* SENNavigationController.m in Sources */ = {isa = PBXBuildFile; fileRef = C78554D81DE3E74C0077A3E9 /* SENNavigationController.m */; };
		C787E8C01DF54BAC008D7404 /* SENVerticalButton.m in Sources */ = {isa = PBXBuildFile; fileRef = C787E8BF1DF54BAC008D7404 /* SENVerticalButton.m */; };
		C78AA8AE1DE1804B0098ACC7 /* UIView+SENExtension.m in Sources */ = {isa = PBXBuildFile; fileRef = C78AA8AD1DE1804B0098ACC7 /* UIView+SENExtension.m */; };
		C78AA8B21DE1A4BD0098ACC7 /* UIBarButtonItem+SENExtension.m in Sources */ = {isa = PBXBuildFile; fileRef = C78AA8B11DE1A4BD0098ACC7 /* UIBarButtonItem+SENExtension.m */; };
		C78D11551DE7D08C00990EB2 /* Foundation+Log.m in Sources */ = {isa = PBXBuildFile; fileRef = C78D11541DE7D08C00990EB2 /* Foundation+Log.m */; };
		C78D13F31DE7DB8A00990EB2 /* SENRecommendList.m in Sources */ = {isa = PBXBuildFile; fileRef = C78D13F21DE7DB8A00990EB2 /* SENRecommendList.m */; };
		C78D13F71DE7E0A800990EB2 /* SENRecommendListCell.m in Sources */ = {isa = PBXBuildFile; fileRef = C78D13F51DE7E0A800990EB2 /* SENRecommendListCell.m */; };
		C78D13F81DE7E0A800990EB2 /* SENRecommendListCell.xib in Resources */ = {isa = PBXBuildFile; fileRef = C78D13F61DE7E0A800990EB2 /* SENRecommendListCell.xib */; };
		C78E3C1A1DE9720800EAE94D /* Assets.xcassets in Resources */ = {isa = PBXBuildFile; fileRef = C78E3C191DE9720800EAE94D /* Assets.xcassets */; };
		C7946FCC1DF2ABBA0055C9AD /* SENLoginViewController.m in Sources */ = {isa = PBXBuildFile; fileRef = C7946FCA1DF2ABBA0055C9AD /* SENLoginViewController.m */; };
		C7946FCD1DF2ABBA0055C9AD /* SENLoginViewController.xib in Resources */ = {isa = PBXBuildFile; fileRef = C7946FCB1DF2ABBA0055C9AD /* SENLoginViewController.xib */; };
		C797112C1E26236A00B27BBF /* SENConst.m in Sources */ = {isa = PBXBuildFile; fileRef = C797112B1E26236A00B27BBF /* SENConst.m */; };
		C79EEC461E2B53E200CE9B05 /* SENTopicViewController.m in Sources */ = {isa = PBXBuildFile; fileRef = C79EEC451E2B53E200CE9B05 /* SENTopicViewController.m */; };
		C7C55DEE1DE096EA003E46B2 /* SENEssenceViewController.m in Sources */ = {isa = PBXBuildFile; fileRef = C7C55DD01DE096EA003E46B2 /* SENEssenceViewController.m */; };
		C7C55DEF1DE096EA003E46B2 /* SENFriendTrendsViewController.m in Sources */ = {isa = PBXBuildFile; fileRef = C7C55DD61DE096EA003E46B2 /* SENFriendTrendsViewController.m */; };
		C7C55DF01DE096EA003E46B2 /* SENMeViewController.m in Sources */ = {isa = PBXBuildFile; fileRef = C7C55DDC1DE096EA003E46B2 /* SENMeViewController.m */; };
		C7C55DF11DE096EA003E46B2 /* SENNewViewController.m in Sources */ = {isa = PBXBuildFile; fileRef = C7C55DE21DE096EA003E46B2 /* SENNewViewController.m */; };
		C7C55DF21DE096EA003E46B2 /* AppDelegate.m in Sources */ = {isa = PBXBuildFile; fileRef = C7C55DE71DE096EA003E46B2 /* AppDelegate.m */; };
		C7C55DF31DE096EA003E46B2 /* SENTabBarController.m in Sources */ = {isa = PBXBuildFile; fileRef = C7C55DEA1DE096EA003E46B2 /* SENTabBarController.m */; };
		C7C55DF41DE096EA003E46B2 /* SENTabBar.m in Sources */ = {isa = PBXBuildFile; fileRef = C7C55DED1DE096EA003E46B2 /* SENTabBar.m */; };
/* End PBXBuildFile section */

/* Begin PBXContainerItemProxy section */
		C72226461DDB0D7C00A321BA /* PBXContainerItemProxy */ = {
			isa = PBXContainerItemProxy;
			containerPortal = C72226241DDB0D7B00A321BA /* Project object */;
			proxyType = 1;
			remoteGlobalIDString = C722262B1DDB0D7B00A321BA;
			remoteInfo = "百思不得姐SEN";
		};
		C72226511DDB0D7C00A321BA /* PBXContainerItemProxy */ = {
			isa = PBXContainerItemProxy;
			containerPortal = C72226241DDB0D7B00A321BA /* Project object */;
			proxyType = 1;
			remoteGlobalIDString = C722262B1DDB0D7B00A321BA;
			remoteInfo = "百思不得姐SEN";
		};
/* End PBXContainerItemProxy section */

/* Begin PBXFileReference section */
		126D4356E3091657BCEDE535 /* Pods-百思不得姐SEN.debug.xcconfig */ = {isa = PBXFileReference; includeInIndex = 1; lastKnownFileType = text.xcconfig; name = "Pods-百思不得姐SEN.debug.xcconfig"; path = "Pods/Target Support Files/Pods-百思不得姐SEN/Pods-百思不得姐SEN.debug.xcconfig"; sourceTree = "<group>"; };
		39A788AFB5FACAA0C15278D4 /* libPods-百思不得姐SEN.a */ = {isa = PBXFileReference; explicitFileType = archive.ar; includeInIndex = 0; path = "libPods-百思不得姐SEN.a"; sourceTree = BUILT_PRODUCTS_DIR; };
		A7843EE8445223B1ACF04EB7 /* Pods-百思不得姐SEN.release.xcconfig */ = {isa = PBXFileReference; includeInIndex = 1; lastKnownFileType = text.xcconfig; name = "Pods-百思不得姐SEN.release.xcconfig"; path = "Pods/Target Support Files/Pods-百思不得姐SEN/Pods-百思不得姐SEN.release.xcconfig"; sourceTree = "<group>"; };
		C722262C1DDB0D7B00A321BA /* 百思不得姐SEN.app */ = {isa = PBXFileReference; explicitFileType = wrapper.application; includeInIndex = 0; path = "百思不得姐SEN.app"; sourceTree = BUILT_PRODUCTS_DIR; };
		C72226301DDB0D7B00A321BA /* main.m */ = {isa = PBXFileReference; lastKnownFileType = sourcecode.c.objc; path = main.m; sourceTree = "<group>"; };
		C72226401DDB0D7B00A321BA /* Info.plist */ = {isa = PBXFileReference; lastKnownFileType = text.plist.xml; path = Info.plist; sourceTree = "<group>"; };
		C72226451DDB0D7C00A321BA /* 百思不得姐SENTests.xctest */ = {isa = PBXFileReference; explicitFileType = wrapper.cfbundle; includeInIndex = 0; path = "百思不得姐SENTests.xctest"; sourceTree = BUILT_PRODUCTS_DIR; };
		C72226491DDB0D7C00A321BA /* _____SENTests.m */ = {isa = PBXFileReference; lastKnownFileType = sourcecode.c.objc; path = "_____SENTests.m"; sourceTree = "<group>"; };
		C722264B1DDB0D7C00A321BA /* Info.plist */ = {isa = PBXFileReference; lastKnownFileType = text.plist.xml; path = Info.plist; sourceTree = "<group>"; };
		C72226501DDB0D7C00A321BA /* 百思不得姐SENUITests.xctest */ = {isa = PBXFileReference; explicitFileType = wrapper.cfbundle; includeInIndex = 0; path = "百思不得姐SENUITests.xctest"; sourceTree = BUILT_PRODUCTS_DIR; };
		C72226541DDB0D7C00A321BA /* _____SENUITests.m */ = {isa = PBXFileReference; lastKnownFileType = sourcecode.c.objc; path = "_____SENUITests.m"; sourceTree = "<group>"; };
		C72226561DDB0D7C00A321BA /* Info.plist */ = {isa = PBXFileReference; lastKnownFileType = text.plist.xml; path = Info.plist; sourceTree = "<group>"; };
		C743B01E1DEA7B2000D1235A /* SENRecommendUserCell.h */ = {isa = PBXFileReference; fileEncoding = 4; lastKnownFileType = sourcecode.c.h; path = SENRecommendUserCell.h; sourceTree = "<group>"; };
		C743B01F1DEA7B2000D1235A /* SENRecommendUserCell.m */ = {isa = PBXFileReference; fileEncoding = 4; lastKnownFileType = sourcecode.c.objc; path = SENRecommendUserCell.m; sourceTree = "<group>"; };
		C743B0201DEA7B2000D1235A /* SENRecommendUserCell.xib */ = {isa = PBXFileReference; fileEncoding = 4; lastKnownFileType = file.xib; path = SENRecommendUserCell.xib; sourceTree = "<group>"; };
		C743B0231DEAB71000D1235A /* SENRecommendUser.h */ = {isa = PBXFileReference; fileEncoding = 4; lastKnownFileType = sourcecode.c.h; path = SENRecommendUser.h; sourceTree = "<group>"; };
		C743B0241DEAB71000D1235A /* SENRecommendUser.m */ = {isa = PBXFileReference; fileEncoding = 4; lastKnownFileType = sourcecode.c.objc; path = SENRecommendUser.m; sourceTree = "<group>"; };
		C7472C9E1E24821800890178 /* SENTopic.h */ = {isa = PBXFileReference; fileEncoding = 4; lastKnownFileType = sourcecode.c.h; path = SENTopic.h; sourceTree = "<group>"; };
		C7472C9F1E24821800890178 /* SENTopic.m */ = {isa = PBXFileReference; fileEncoding = 4; lastKnownFileType = sourcecode.c.objc; path = SENTopic.m; sourceTree = "<group>"; };
		C7472CA11E24CD2A00890178 /* SENTopicCell.h */ = {isa = PBXFileReference; fileEncoding = 4; lastKnownFileType = sourcecode.c.h; path = SENTopicCell.h; sourceTree = "<group>"; };
		C7472CA21E24CD2A00890178 /* SENTopicCell.m */ = {isa = PBXFileReference; fileEncoding = 4; lastKnownFileType = sourcecode.c.objc; path = SENTopicCell.m; sourceTree = "<group>"; };
		C7472CA31E24CD2A00890178 /* SENTopicCell.xib */ = {isa = PBXFileReference; fileEncoding = 4; lastKnownFileType = file.xib; path = SENTopicCell.xib; sourceTree = "<group>"; };
		C74CD1B21DF651B7001577B4 /* SENPushGuideView.h */ = {isa = PBXFileReference; fileEncoding = 4; lastKnownFileType = sourcecode.c.h; path = SENPushGuideView.h; sourceTree = "<group>"; };
		C74CD1B31DF651B7001577B4 /* SENPushGuideView.m */ = {isa = PBXFileReference; fileEncoding = 4; lastKnownFileType = sourcecode.c.objc; path = SENPushGuideView.m; sourceTree = "<group>"; };
		C74CD1B51DF651C6001577B4 /* SENPushGuideView.xib */ = {isa = PBXFileReference; fileEncoding = 4; lastKnownFileType = file.xib; path = SENPushGuideView.xib; sourceTree = "<group>"; };
		C753D51A1DE43C0C009B01DC /* SENFriendTrendsViewController.xib */ = {isa = PBXFileReference; fileEncoding = 4; lastKnownFileType = file.xib; path = SENFriendTrendsViewController.xib; sourceTree = "<group>"; };
		C753D51C1DE44CA1009B01DC /* SENRecommendViewController.h */ = {isa = PBXFileReference; fileEncoding = 4; lastKnownFileType = sourcecode.c.h; path = SENRecommendViewController.h; sourceTree = "<group>"; };
		C753D51D1DE44CA1009B01DC /* SENRecommendViewController.m */ = {isa = PBXFileReference; fileEncoding = 4; lastKnownFileType = sourcecode.c.objc; path = SENRecommendViewController.m; sourceTree = "<group>"; };
		C753D51E1DE44CA1009B01DC /* SENRecommendViewController.xib */ = {isa = PBXFileReference; fileEncoding = 4; lastKnownFileType = file.xib; path = SENRecommendViewController.xib; sourceTree = "<group>"; };
		C7584BFA1E0D11CA00EFD9BC /* SENSudoku.h */ = {isa = PBXFileReference; fileEncoding = 4; lastKnownFileType = sourcecode.c.h; path = SENSudoku.h; sourceTree = "<group>"; };
		C7584BFB1E0D11CA00EFD9BC /* SENSudoku.m */ = {isa = PBXFileReference; fileEncoding = 4; lastKnownFileType = sourcecode.c.objc; path = SENSudoku.m; sourceTree = "<group>"; };
		C7584BFF1E0D3A0700EFD9BC /* SENTestViewViewController.h */ = {isa = PBXFileReference; fileEncoding = 4; lastKnownFileType = sourcecode.c.h; path = SENTestViewViewController.h; sourceTree = "<group>"; };
		C7584C001E0D3A0700EFD9BC /* SENTestViewViewController.m */ = {isa = PBXFileReference; fileEncoding = 4; lastKnownFileType = sourcecode.c.objc; path = SENTestViewViewController.m; sourceTree = "<group>"; };
		C7584C011E0D3A0700EFD9BC /* SENTestViewViewController.xib */ = {isa = PBXFileReference; fileEncoding = 4; lastKnownFileType = file.xib; path = SENTestViewViewController.xib; sourceTree = "<group>"; };
		C7826F1E1DF7A25D00D9E581 /* SENTextField.h */ = {isa = PBXFileReference; fileEncoding = 4; lastKnownFileType = sourcecode.c.h; path = SENTextField.h; sourceTree = "<group>"; };
		C7826F1F1DF7A25D00D9E581 /* SENTextField.m */ = {isa = PBXFileReference; fileEncoding = 4; lastKnownFileType = sourcecode.c.objc; path = SENTextField.m; sourceTree = "<group>"; };
		C782A9391E2CA7680076F4FA /* NSDate+SENExtension.h */ = {isa = PBXFileReference; fileEncoding = 4; lastKnownFileType = sourcecode.c.h; path = "NSDate+SENExtension.h"; sourceTree = "<group>"; };
		C782A93A1E2CA7680076F4FA /* NSDate+SENExtension.m */ = {isa = PBXFileReference; fileEncoding = 4; lastKnownFileType = sourcecode.c.objc; path = "NSDate+SENExtension.m"; sourceTree = "<group>"; };
		C78554D71DE3E74C0077A3E9 /* SENNavigationController.h */ = {isa = PBXFileReference; fileEncoding = 4; lastKnownFileType = sourcecode.c.h; path = SENNavigationController.h; sourceTree = "<group>"; };
		C78554D81DE3E74C0077A3E9 /* SENNavigationController.m */ = {isa = PBXFileReference; fileEncoding = 4; lastKnownFileType = sourcecode.c.objc; path = SENNavigationController.m; sourceTree = "<group>"; };
		C787E8BE1DF54BAC008D7404 /* SENVerticalButton.h */ = {isa = PBXFileReference; fileEncoding = 4; lastKnownFileType = sourcecode.c.h; path = SENVerticalButton.h; sourceTree = "<group>"; };
		C787E8BF1DF54BAC008D7404 /* SENVerticalButton.m */ = {isa = PBXFileReference; fileEncoding = 4; lastKnownFileType = sourcecode.c.objc; path = SENVerticalButton.m; sourceTree = "<group>"; };
		C78AA8AC1DE1804B0098ACC7 /* UIView+SENExtension.h */ = {isa = PBXFileReference; fileEncoding = 4; lastKnownFileType = sourcecode.c.h; path = "UIView+SENExtension.h"; sourceTree = "<group>"; };
		C78AA8AD1DE1804B0098ACC7 /* UIView+SENExtension.m */ = {isa = PBXFileReference; fileEncoding = 4; lastKnownFileType = sourcecode.c.objc; path = "UIView+SENExtension.m"; sourceTree = "<group>"; };
		C78AA8AF1DE189EC0098ACC7 /* PrefixHeader.pch */ = {isa = PBXFileReference; lastKnownFileType = sourcecode.c.h; path = PrefixHeader.pch; sourceTree = "<group>"; };
		C78AA8B01DE1A4BD0098ACC7 /* UIBarButtonItem+SENExtension.h */ = {isa = PBXFileReference; fileEncoding = 4; lastKnownFileType = sourcecode.c.h; path = "UIBarButtonItem+SENExtension.h"; sourceTree = "<group>"; };
		C78AA8B11DE1A4BD0098ACC7 /* UIBarButtonItem+SENExtension.m */ = {isa = PBXFileReference; fileEncoding = 4; lastKnownFileType = sourcecode.c.objc; path = "UIBarButtonItem+SENExtension.m"; sourceTree = "<group>"; };
		C78D11541DE7D08C00990EB2 /* Foundation+Log.m */ = {isa = PBXFileReference; fileEncoding = 4; lastKnownFileType = sourcecode.c.objc; path = "Foundation+Log.m"; sourceTree = "<group>"; };
		C78D13F11DE7DB8A00990EB2 /* SENRecommendList.h */ = {isa = PBXFileReference; fileEncoding = 4; lastKnownFileType = sourcecode.c.h; path = SENRecommendList.h; sourceTree = "<group>"; };
		C78D13F21DE7DB8A00990EB2 /* SENRecommendList.m */ = {isa = PBXFileReference; fileEncoding = 4; lastKnownFileType = sourcecode.c.objc; path = SENRecommendList.m; sourceTree = "<group>"; };
		C78D13F41DE7E0A800990EB2 /* SENRecommendListCell.h */ = {isa = PBXFileReference; fileEncoding = 4; lastKnownFileType = sourcecode.c.h; path = SENRecommendListCell.h; sourceTree = "<group>"; };
		C78D13F51DE7E0A800990EB2 /* SENRecommendListCell.m */ = {isa = PBXFileReference; fileEncoding = 4; lastKnownFileType = sourcecode.c.objc; path = SENRecommendListCell.m; sourceTree = "<group>"; };
		C78D13F61DE7E0A800990EB2 /* SENRecommendListCell.xib */ = {isa = PBXFileReference; fileEncoding = 4; lastKnownFileType = file.xib; path = SENRecommendListCell.xib; sourceTree = "<group>"; };
		C78E3C191DE9720800EAE94D /* Assets.xcassets */ = {isa = PBXFileReference; lastKnownFileType = folder.assetcatalog; path = Assets.xcassets; sourceTree = "<group>"; };
		C7946FC91DF2ABBA0055C9AD /* SENLoginViewController.h */ = {isa = PBXFileReference; fileEncoding = 4; lastKnownFileType = sourcecode.c.h; path = SENLoginViewController.h; sourceTree = "<group>"; };
		C7946FCA1DF2ABBA0055C9AD /* SENLoginViewController.m */ = {isa = PBXFileReference; fileEncoding = 4; lastKnownFileType = sourcecode.c.objc; path = SENLoginViewController.m; sourceTree = "<group>"; };
		C7946FCB1DF2ABBA0055C9AD /* SENLoginViewController.xib */ = {isa = PBXFileReference; fileEncoding = 4; lastKnownFileType = file.xib; path = SENLoginViewController.xib; sourceTree = "<group>"; };
		C797112A1E26236A00B27BBF /* SENConst.h */ = {isa = PBXFileReference; fileEncoding = 4; lastKnownFileType = sourcecode.c.h; path = SENConst.h; sourceTree = "<group>"; };
		C797112B1E26236A00B27BBF /* SENConst.m */ = {isa = PBXFileReference; fileEncoding = 4; lastKnownFileType = sourcecode.c.objc; path = SENConst.m; sourceTree = "<group>"; };
		C79EEC441E2B53E200CE9B05 /* SENTopicViewController.h */ = {isa = PBXFileReference; fileEncoding = 4; lastKnownFileType = sourcecode.c.h; path = SENTopicViewController.h; sourceTree = "<group>"; };
		C79EEC451E2B53E200CE9B05 /* SENTopicViewController.m */ = {isa = PBXFileReference; fileEncoding = 4; lastKnownFileType = sourcecode.c.objc; path = SENTopicViewController.m; sourceTree = "<group>"; };
		C7C55DCF1DE096EA003E46B2 /* SENEssenceViewController.h */ = {isa = PBXFileReference; fileEncoding = 4; lastKnownFileType = sourcecode.c.h; path = SENEssenceViewController.h; sourceTree = "<group>"; };
		C7C55DD01DE096EA003E46B2 /* SENEssenceViewController.m */ = {isa = PBXFileReference; fileEncoding = 4; lastKnownFileType = sourcecode.c.objc; path = SENEssenceViewController.m; sourceTree = "<group>"; };
		C7C55DD51DE096EA003E46B2 /* SENFriendTrendsViewController.h */ = {isa = PBXFileReference; fileEncoding = 4; lastKnownFileType = sourcecode.c.h; path = SENFriendTrendsViewController.h; sourceTree = "<group>"; };
		C7C55DD61DE096EA003E46B2 /* SENFriendTrendsViewController.m */ = {isa = PBXFileReference; fileEncoding = 4; lastKnownFileType = sourcecode.c.objc; path = SENFriendTrendsViewController.m; sourceTree = "<group>"; };
		C7C55DDB1DE096EA003E46B2 /* SENMeViewController.h */ = {isa = PBXFileReference; fileEncoding = 4; lastKnownFileType = sourcecode.c.h; path = SENMeViewController.h; sourceTree = "<group>"; };
		C7C55DDC1DE096EA003E46B2 /* SENMeViewController.m */ = {isa = PBXFileReference; fileEncoding = 4; lastKnownFileType = sourcecode.c.objc; path = SENMeViewController.m; sourceTree = "<group>"; };
		C7C55DE11DE096EA003E46B2 /* SENNewViewController.h */ = {isa = PBXFileReference; fileEncoding = 4; lastKnownFileType = sourcecode.c.h; path = SENNewViewController.h; sourceTree = "<group>"; };
		C7C55DE21DE096EA003E46B2 /* SENNewViewController.m */ = {isa = PBXFileReference; fileEncoding = 4; lastKnownFileType = sourcecode.c.objc; path = SENNewViewController.m; sourceTree = "<group>"; };
		C7C55DE61DE096EA003E46B2 /* AppDelegate.h */ = {isa = PBXFileReference; fileEncoding = 4; lastKnownFileType = sourcecode.c.h; path = AppDelegate.h; sourceTree = "<group>"; };
		C7C55DE71DE096EA003E46B2 /* AppDelegate.m */ = {isa = PBXFileReference; fileEncoding = 4; lastKnownFileType = sourcecode.c.objc; path = AppDelegate.m; sourceTree = "<group>"; };
		C7C55DE91DE096EA003E46B2 /* SENTabBarController.h */ = {isa = PBXFileReference; fileEncoding = 4; lastKnownFileType = sourcecode.c.h; path = SENTabBarController.h; sourceTree = "<group>"; };
		C7C55DEA1DE096EA003E46B2 /* SENTabBarController.m */ = {isa = PBXFileReference; fileEncoding = 4; lastKnownFileType = sourcecode.c.objc; path = SENTabBarController.m; sourceTree = "<group>"; };
		C7C55DEC1DE096EA003E46B2 /* SENTabBar.h */ = {isa = PBXFileReference; fileEncoding = 4; lastKnownFileType = sourcecode.c.h; path = SENTabBar.h; sourceTree = "<group>"; };
		C7C55DED1DE096EA003E46B2 /* SENTabBar.m */ = {isa = PBXFileReference; fileEncoding = 4; lastKnownFileType = sourcecode.c.objc; path = SENTabBar.m; sourceTree = "<group>"; };
/* End PBXFileReference section */

/* Begin PBXFrameworksBuildPhase section */
		C72226291DDB0D7B00A321BA /* Frameworks */ = {
			isa = PBXFrameworksBuildPhase;
			buildActionMask = 2147483647;
			files = (
				282F5758E50AA5FB13771655 /* libPods-百思不得姐SEN.a in Frameworks */,
			);
			runOnlyForDeploymentPostprocessing = 0;
		};
		C72226421DDB0D7C00A321BA /* Frameworks */ = {
			isa = PBXFrameworksBuildPhase;
			buildActionMask = 2147483647;
			files = (
			);
			runOnlyForDeploymentPostprocessing = 0;
		};
		C722264D1DDB0D7C00A321BA /* Frameworks */ = {
			isa = PBXFrameworksBuildPhase;
			buildActionMask = 2147483647;
			files = (
			);
			runOnlyForDeploymentPostprocessing = 0;
		};
/* End PBXFrameworksBuildPhase section */

/* Begin PBXGroup section */
		11F5AA06C896B1514E5C6DEF /* Pods */ = {
			isa = PBXGroup;
			children = (
				126D4356E3091657BCEDE535 /* Pods-百思不得姐SEN.debug.xcconfig */,
				A7843EE8445223B1ACF04EB7 /* Pods-百思不得姐SEN.release.xcconfig */,
			);
			name = Pods;
			sourceTree = "<group>";
		};
		B10055F8D83CA25FC62CE4BA /* Frameworks */ = {
			isa = PBXGroup;
			children = (
				39A788AFB5FACAA0C15278D4 /* libPods-百思不得姐SEN.a */,
			);
			name = Frameworks;
			sourceTree = "<group>";
		};
		C72226231DDB0D7B00A321BA = {
			isa = PBXGroup;
			children = (
				C722262E1DDB0D7B00A321BA /* 百思不得姐SEN */,
				C72226481DDB0D7C00A321BA /* 百思不得姐SENTests */,
				C72226531DDB0D7C00A321BA /* 百思不得姐SENUITests */,
				C722262D1DDB0D7B00A321BA /* Products */,
				11F5AA06C896B1514E5C6DEF /* Pods */,
				B10055F8D83CA25FC62CE4BA /* Frameworks */,
			);
			sourceTree = "<group>";
		};
		C722262D1DDB0D7B00A321BA /* Products */ = {
			isa = PBXGroup;
			children = (
				C722262C1DDB0D7B00A321BA /* 百思不得姐SEN.app */,
				C72226451DDB0D7C00A321BA /* 百思不得姐SENTests.xctest */,
				C72226501DDB0D7C00A321BA /* 百思不得姐SENUITests.xctest */,
			);
			name = Products;
			sourceTree = "<group>";
		};
		C722262E1DDB0D7B00A321BA /* 百思不得姐SEN */ = {
			isa = PBXGroup;
			children = (
				C7C55DCC1DE096EA003E46B2 /* Classes */,
				C722262F1DDB0D7B00A321BA /* Supporting Files */,
			);
			path = "百思不得姐SEN";
			sourceTree = "<group>";
		};
		C722262F1DDB0D7B00A321BA /* Supporting Files */ = {
			isa = PBXGroup;
			children = (
				C78E3C191DE9720800EAE94D /* Assets.xcassets */,
				C72226401DDB0D7B00A321BA /* Info.plist */,
				C72226301DDB0D7B00A321BA /* main.m */,
			);
			name = "Supporting Files";
			sourceTree = "<group>";
		};
		C72226481DDB0D7C00A321BA /* 百思不得姐SENTests */ = {
			isa = PBXGroup;
			children = (
				C72226491DDB0D7C00A321BA /* _____SENTests.m */,
				C722264B1DDB0D7C00A321BA /* Info.plist */,
			);
			path = "百思不得姐SENTests";
			sourceTree = "<group>";
		};
		C72226531DDB0D7C00A321BA /* 百思不得姐SENUITests */ = {
			isa = PBXGroup;
			children = (
				C72226541DDB0D7C00A321BA /* _____SENUITests.m */,
				C72226561DDB0D7C00A321BA /* Info.plist */,
			);
			path = "百思不得姐SENUITests";
			sourceTree = "<group>";
		};
		C7C55DCC1DE096EA003E46B2 /* Classes */ = {
			isa = PBXGroup;
			children = (
				C7C55DCD1DE096EA003E46B2 /* Essence */,
				C7C55DDF1DE096EA003E46B2 /* New */,
				C7C55DD31DE096EA003E46B2 /* FriendTrends */,
				C7C55DD91DE096EA003E46B2 /* Me */,
				C7C55DE51DE096EA003E46B2 /* Others */,
			);
			path = Classes;
			sourceTree = "<group>";
		};
		C7C55DCD1DE096EA003E46B2 /* Essence */ = {
			isa = PBXGroup;
			children = (
				C7C55DCE1DE096EA003E46B2 /* Controller */,
				C7C55DD11DE096EA003E46B2 /* Model */,
				C7C55DD21DE096EA003E46B2 /* View */,
			);
			path = Essence;
			sourceTree = "<group>";
		};
		C7C55DCE1DE096EA003E46B2 /* Controller */ = {
			isa = PBXGroup;
			children = (
				C7C55DCF1DE096EA003E46B2 /* SENEssenceViewController.h */,
				C7C55DD01DE096EA003E46B2 /* SENEssenceViewController.m */,
				C79EEC441E2B53E200CE9B05 /* SENTopicViewController.h */,
				C79EEC451E2B53E200CE9B05 /* SENTopicViewController.m */,
			);
			path = Controller;
			sourceTree = "<group>";
		};
		C7C55DD11DE096EA003E46B2 /* Model */ = {
			isa = PBXGroup;
			children = (
				C7472C9E1E24821800890178 /* SENTopic.h */,
				C7472C9F1E24821800890178 /* SENTopic.m */,
			);
			path = Model;
			sourceTree = "<group>";
		};
		C7C55DD21DE096EA003E46B2 /* View */ = {
			isa = PBXGroup;
			children = (
				C7472CA11E24CD2A00890178 /* SENTopicCell.h */,
				C7472CA21E24CD2A00890178 /* SENTopicCell.m */,
				C7472CA31E24CD2A00890178 /* SENTopicCell.xib */,
			);
			path = View;
			sourceTree = "<group>";
		};
		C7C55DD31DE096EA003E46B2 /* FriendTrends */ = {
			isa = PBXGroup;
			children = (
				C7C55DD41DE096EA003E46B2 /* Controller */,
				C7C55DD71DE096EA003E46B2 /* Model */,
				C7C55DD81DE096EA003E46B2 /* View */,
			);
			path = FriendTrends;
			sourceTree = "<group>";
		};
		C7C55DD41DE096EA003E46B2 /* Controller */ = {
			isa = PBXGroup;
			children = (
				C7C55DD51DE096EA003E46B2 /* SENFriendTrendsViewController.h */,
				C7C55DD61DE096EA003E46B2 /* SENFriendTrendsViewController.m */,
				C753D51A1DE43C0C009B01DC /* SENFriendTrendsViewController.xib */,
				C753D51C1DE44CA1009B01DC /* SENRecommendViewController.h */,
				C753D51D1DE44CA1009B01DC /* SENRecommendViewController.m */,
				C753D51E1DE44CA1009B01DC /* SENRecommendViewController.xib */,
				C7946FC91DF2ABBA0055C9AD /* SENLoginViewController.h */,
				C7946FCA1DF2ABBA0055C9AD /* SENLoginViewController.m */,
				C7946FCB1DF2ABBA0055C9AD /* SENLoginViewController.xib */,
			);
			path = Controller;
			sourceTree = "<group>";
		};
		C7C55DD71DE096EA003E46B2 /* Model */ = {
			isa = PBXGroup;
			children = (
				C78D13F11DE7DB8A00990EB2 /* SENRecommendList.h */,
				C78D13F21DE7DB8A00990EB2 /* SENRecommendList.m */,
				C743B0231DEAB71000D1235A /* SENRecommendUser.h */,
				C743B0241DEAB71000D1235A /* SENRecommendUser.m */,
			);
			path = Model;
			sourceTree = "<group>";
		};
		C7C55DD81DE096EA003E46B2 /* View */ = {
			isa = PBXGroup;
			children = (
				C78D13F41DE7E0A800990EB2 /* SENRecommendListCell.h */,
				C78D13F51DE7E0A800990EB2 /* SENRecommendListCell.m */,
				C78D13F61DE7E0A800990EB2 /* SENRecommendListCell.xib */,
				C743B01E1DEA7B2000D1235A /* SENRecommendUserCell.h */,
				C743B01F1DEA7B2000D1235A /* SENRecommendUserCell.m */,
				C743B0201DEA7B2000D1235A /* SENRecommendUserCell.xib */,
				C787E8BE1DF54BAC008D7404 /* SENVerticalButton.h */,
				C787E8BF1DF54BAC008D7404 /* SENVerticalButton.m */,
				C7826F1E1DF7A25D00D9E581 /* SENTextField.h */,
				C7826F1F1DF7A25D00D9E581 /* SENTextField.m */,
			);
			path = View;
			sourceTree = "<group>";
		};
		C7C55DD91DE096EA003E46B2 /* Me */ = {
			isa = PBXGroup;
			children = (
				C7C55DDA1DE096EA003E46B2 /* Controller */,
				C7C55DDD1DE096EA003E46B2 /* Model */,
				C7C55DDE1DE096EA003E46B2 /* View */,
			);
			path = Me;
			sourceTree = "<group>";
		};
		C7C55DDA1DE096EA003E46B2 /* Controller */ = {
			isa = PBXGroup;
			children = (
				C7C55DDB1DE096EA003E46B2 /* SENMeViewController.h */,
				C7C55DDC1DE096EA003E46B2 /* SENMeViewController.m */,
			);
			path = Controller;
			sourceTree = "<group>";
		};
		C7C55DDD1DE096EA003E46B2 /* Model */ = {
			isa = PBXGroup;
			children = (
			);
			path = Model;
			sourceTree = "<group>";
		};
		C7C55DDE1DE096EA003E46B2 /* View */ = {
			isa = PBXGroup;
			children = (
			);
			path = View;
			sourceTree = "<group>";
		};
		C7C55DDF1DE096EA003E46B2 /* New */ = {
			isa = PBXGroup;
			children = (
				C7C55DE01DE096EA003E46B2 /* Controller */,
				C7C55DE31DE096EA003E46B2 /* Model */,
				C7C55DE41DE096EA003E46B2 /* View */,
			);
			path = New;
			sourceTree = "<group>";
		};
		C7C55DE01DE096EA003E46B2 /* Controller */ = {
			isa = PBXGroup;
			children = (
				C7C55DE11DE096EA003E46B2 /* SENNewViewController.h */,
				C7C55DE21DE096EA003E46B2 /* SENNewViewController.m */,
			);
			path = Controller;
			sourceTree = "<group>";
		};
		C7C55DE31DE096EA003E46B2 /* Model */ = {
			isa = PBXGroup;
			children = (
			);
			path = Model;
			sourceTree = "<group>";
		};
		C7C55DE41DE096EA003E46B2 /* View */ = {
			isa = PBXGroup;
			children = (
			);
			path = View;
			sourceTree = "<group>";
		};
		C7C55DE51DE096EA003E46B2 /* Others */ = {
			isa = PBXGroup;
			children = (
				C7C55DE81DE096EA003E46B2 /* Controller */,
				C7C55DEB1DE096EA003E46B2 /* View */,
				C7C55DF61DE09758003E46B2 /* Category */,
				C7C55DE61DE096EA003E46B2 /* AppDelegate.h */,
				C7C55DE71DE096EA003E46B2 /* AppDelegate.m */,
				C78D11541DE7D08C00990EB2 /* Foundation+Log.m */,
				C78AA8AF1DE189EC0098ACC7 /* PrefixHeader.pch */,
				C797112A1E26236A00B27BBF /* SENConst.h */,
				C797112B1E26236A00B27BBF /* SENConst.m */,
				C7584BFA1E0D11CA00EFD9BC /* SENSudoku.h */,
				C7584BFB1E0D11CA00EFD9BC /* SENSudoku.m */,
				C7584BFF1E0D3A0700EFD9BC /* SENTestViewViewController.h */,
				C7584C001E0D3A0700EFD9BC /* SENTestViewViewController.m */,
				C7584C011E0D3A0700EFD9BC /* SENTestViewViewController.xib */,
			);
			path = Others;
			sourceTree = "<group>";
		};
		C7C55DE81DE096EA003E46B2 /* Controller */ = {
			isa = PBXGroup;
			children = (
				C7C55DE91DE096EA003E46B2 /* SENTabBarController.h */,
				C7C55DEA1DE096EA003E46B2 /* SENTabBarController.m */,
				C78554D71DE3E74C0077A3E9 /* SENNavigationController.h */,
				C78554D81DE3E74C0077A3E9 /* SENNavigationController.m */,
			);
			path = Controller;
			sourceTree = "<group>";
		};
		C7C55DEB1DE096EA003E46B2 /* View */ = {
			isa = PBXGroup;
			children = (
				C7C55DEC1DE096EA003E46B2 /* SENTabBar.h */,
				C7C55DED1DE096EA003E46B2 /* SENTabBar.m */,
				C74CD1B21DF651B7001577B4 /* SENPushGuideView.h */,
				C74CD1B31DF651B7001577B4 /* SENPushGuideView.m */,
				C74CD1B51DF651C6001577B4 /* SENPushGuideView.xib */,
			);
			path = View;
			sourceTree = "<group>";
		};
		C7C55DF61DE09758003E46B2 /* Category */ = {
			isa = PBXGroup;
			children = (
				C78AA8AC1DE1804B0098ACC7 /* UIView+SENExtension.h */,
				C78AA8AD1DE1804B0098ACC7 /* UIView+SENExtension.m */,
				C78AA8B01DE1A4BD0098ACC7 /* UIBarButtonItem+SENExtension.h */,
				C78AA8B11DE1A4BD0098ACC7 /* UIBarButtonItem+SENExtension.m */,
				C782A9391E2CA7680076F4FA /* NSDate+SENExtension.h */,
				C782A93A1E2CA7680076F4FA /* NSDate+SENExtension.m */,
			);
			path = Category;
			sourceTree = "<group>";
		};
/* End PBXGroup section */

/* Begin PBXNativeTarget section */
		C722262B1DDB0D7B00A321BA /* 百思不得姐SEN */ = {
			isa = PBXNativeTarget;
			buildConfigurationList = C72226591DDB0D7C00A321BA /* Build configuration list for PBXNativeTarget "百思不得姐SEN" */;
			buildPhases = (
				338772501B6237B960E0F49E /* [CP] Check Pods Manifest.lock */,
				C72226281DDB0D7B00A321BA /* Sources */,
				C72226291DDB0D7B00A321BA /* Frameworks */,
				C722262A1DDB0D7B00A321BA /* Resources */,
				3003EBE3EDE1AAEB6EB6CCD6 /* [CP] Embed Pods Frameworks */,
				DFF6B1FD03E400C78F339254 /* [CP] Copy Pods Resources */,
			);
			buildRules = (
			);
			dependencies = (
			);
			name = "百思不得姐SEN";
			productName = "百思不得姐SEN";
			productReference = C722262C1DDB0D7B00A321BA /* 百思不得姐SEN.app */;
			productType = "com.apple.product-type.application";
		};
		C72226441DDB0D7C00A321BA /* 百思不得姐SENTests */ = {
			isa = PBXNativeTarget;
			buildConfigurationList = C722265C1DDB0D7C00A321BA /* Build configuration list for PBXNativeTarget "百思不得姐SENTests" */;
			buildPhases = (
				C72226411DDB0D7C00A321BA /* Sources */,
				C72226421DDB0D7C00A321BA /* Frameworks */,
				C72226431DDB0D7C00A321BA /* Resources */,
			);
			buildRules = (
			);
			dependencies = (
				C72226471DDB0D7C00A321BA /* PBXTargetDependency */,
			);
			name = "百思不得姐SENTests";
			productName = "百思不得姐SENTests";
			productReference = C72226451DDB0D7C00A321BA /* 百思不得姐SENTests.xctest */;
			productType = "com.apple.product-type.bundle.unit-test";
		};
		C722264F1DDB0D7C00A321BA /* 百思不得姐SENUITests */ = {
			isa = PBXNativeTarget;
			buildConfigurationList = C722265F1DDB0D7C00A321BA /* Build configuration list for PBXNativeTarget "百思不得姐SENUITests" */;
			buildPhases = (
				C722264C1DDB0D7C00A321BA /* Sources */,
				C722264D1DDB0D7C00A321BA /* Frameworks */,
				C722264E1DDB0D7C00A321BA /* Resources */,
			);
			buildRules = (
			);
			dependencies = (
				C72226521DDB0D7C00A321BA /* PBXTargetDependency */,
			);
			name = "百思不得姐SENUITests";
			productName = "百思不得姐SENUITests";
			productReference = C72226501DDB0D7C00A321BA /* 百思不得姐SENUITests.xctest */;
			productType = "com.apple.product-type.bundle.ui-testing";
		};
/* End PBXNativeTarget section */

/* Begin PBXProject section */
		C72226241DDB0D7B00A321BA /* Project object */ = {
			isa = PBXProject;
			attributes = {
				CLASSPREFIX = SEN;
				LastUpgradeCheck = 0730;
				ORGANIZATIONNAME = sendo;
				TargetAttributes = {
					C722262B1DDB0D7B00A321BA = {
						CreatedOnToolsVersion = 7.3.1;
						DevelopmentTeam = QANT4AA4G5;
					};
					C72226441DDB0D7C00A321BA = {
						CreatedOnToolsVersion = 7.3.1;
						DevelopmentTeam = QANT4AA4G5;
						TestTargetID = C722262B1DDB0D7B00A321BA;
					};
					C722264F1DDB0D7C00A321BA = {
						CreatedOnToolsVersion = 7.3.1;
						DevelopmentTeam = QANT4AA4G5;
						TestTargetID = C722262B1DDB0D7B00A321BA;
					};
				};
			};
			buildConfigurationList = C72226271DDB0D7B00A321BA /* Build configuration list for PBXProject "百思不得姐SEN" */;
			compatibilityVersion = "Xcode 3.2";
			developmentRegion = English;
			hasScannedForEncodings = 0;
			knownRegions = (
				en,
				Base,
			);
			mainGroup = C72226231DDB0D7B00A321BA;
			productRefGroup = C722262D1DDB0D7B00A321BA /* Products */;
			projectDirPath = "";
			projectRoot = "";
			targets = (
				C722262B1DDB0D7B00A321BA /* 百思不得姐SEN */,
				C72226441DDB0D7C00A321BA /* 百思不得姐SENTests */,
				C722264F1DDB0D7C00A321BA /* 百思不得姐SENUITests */,
			);
		};
/* End PBXProject section */

/* Begin PBXResourcesBuildPhase section */
		C722262A1DDB0D7B00A321BA /* Resources */ = {
			isa = PBXResourcesBuildPhase;
			buildActionMask = 2147483647;
			files = (
				C78E3C1A1DE9720800EAE94D /* Assets.xcassets in Resources */,
				C753D5201DE44CA1009B01DC /* SENRecommendViewController.xib in Resources */,
				C7946FCD1DF2ABBA0055C9AD /* SENLoginViewController.xib in Resources */,
				C7472CA51E24CD2A00890178 /* SENTopicCell.xib in Resources */,
				C743B0221DEA7B2000D1235A /* SENRecommendUserCell.xib in Resources */,
				C7584C031E0D3A0700EFD9BC /* SENTestViewViewController.xib in Resources */,
				C78D13F81DE7E0A800990EB2 /* SENRecommendListCell.xib in Resources */,
				C74CD1B61DF651C6001577B4 /* SENPushGuideView.xib in Resources */,
				C753D51B1DE43C0C009B01DC /* SENFriendTrendsViewController.xib in Resources */,
			);
			runOnlyForDeploymentPostprocessing = 0;
		};
		C72226431DDB0D7C00A321BA /* Resources */ = {
			isa = PBXResourcesBuildPhase;
			buildActionMask = 2147483647;
			files = (
			);
			runOnlyForDeploymentPostprocessing = 0;
		};
		C722264E1DDB0D7C00A321BA /* Resources */ = {
			isa = PBXResourcesBuildPhase;
			buildActionMask = 2147483647;
			files = (
			);
			runOnlyForDeploymentPostprocessing = 0;
		};
/* End PBXResourcesBuildPhase section */

/* Begin PBXShellScriptBuildPhase section */
		3003EBE3EDE1AAEB6EB6CCD6 /* [CP] Embed Pods Frameworks */ = {
			isa = PBXShellScriptBuildPhase;
			buildActionMask = 2147483647;
			files = (
			);
			inputPaths = (
			);
			name = "[CP] Embed Pods Frameworks";
			outputPaths = (
			);
			runOnlyForDeploymentPostprocessing = 0;
			shellPath = /bin/sh;
			shellScript = "\"${SRCROOT}/Pods/Target Support Files/Pods-百思不得姐SEN/Pods-百思不得姐SEN-frameworks.sh\"\n";
			showEnvVarsInLog = 0;
		};
		338772501B6237B960E0F49E /* [CP] Check Pods Manifest.lock */ = {
			isa = PBXShellScriptBuildPhase;
			buildActionMask = 2147483647;
			files = (
			);
			inputPaths = (
			);
			name = "[CP] Check Pods Manifest.lock";
			outputPaths = (
			);
			runOnlyForDeploymentPostprocessing = 0;
			shellPath = /bin/sh;
			shellScript = "diff \"${PODS_ROOT}/../Podfile.lock\" \"${PODS_ROOT}/Manifest.lock\" > /dev/null\nif [ $? != 0 ] ; then\n    # print error to STDERR\n    echo \"error: The sandbox is not in sync with the Podfile.lock. Run 'pod install' or update your CocoaPods installation.\" >&2\n    exit 1\nfi\n";
			showEnvVarsInLog = 0;
		};
		DFF6B1FD03E400C78F339254 /* [CP] Copy Pods Resources */ = {
			isa = PBXShellScriptBuildPhase;
			buildActionMask = 2147483647;
			files = (
			);
			inputPaths = (
			);
			name = "[CP] Copy Pods Resources";
			outputPaths = (
			);
			runOnlyForDeploymentPostprocessing = 0;
			shellPath = /bin/sh;
			shellScript = "\"${SRCROOT}/Pods/Target Support Files/Pods-百思不得姐SEN/Pods-百思不得姐SEN-resources.sh\"\n";
			showEnvVarsInLog = 0;
		};
/* End PBXShellScriptBuildPhase section */

/* Begin PBXSourcesBuildPhase section */
		C72226281DDB0D7B00A321BA /* Sources */ = {
			isa = PBXSourcesBuildPhase;
			buildActionMask = 2147483647;
			files = (
				C7584C021E0D3A0700EFD9BC /* SENTestViewViewController.m in Sources */,
				C78D11551DE7D08C00990EB2 /* Foundation+Log.m in Sources */,
				C7C55DF41DE096EA003E46B2 /* SENTabBar.m in Sources */,
				C7C55DEE1DE096EA003E46B2 /* SENEssenceViewController.m in Sources */,
				C72226311DDB0D7B00A321BA /* main.m in Sources */,
				C7584BFC1E0D11CA00EFD9BC /* SENSudoku.m in Sources */,
				C78554D91DE3E74C0077A3E9 /* SENNavigationController.m in Sources */,
				C797112C1E26236A00B27BBF /* SENConst.m in Sources */,
				C782A93B1E2CA7680076F4FA /* NSDate+SENExtension.m in Sources */,
				C74CD1B41DF651B7001577B4 /* SENPushGuideView.m in Sources */,
				C7C55DF21DE096EA003E46B2 /* AppDelegate.m in Sources */,
				C743B0211DEA7B2000D1235A /* SENRecommendUserCell.m in Sources */,
				C7C55DF11DE096EA003E46B2 /* SENNewViewController.m in Sources */,
				C787E8C01DF54BAC008D7404 /* SENVerticalButton.m in Sources */,
				C753D51F1DE44CA1009B01DC /* SENRecommendViewController.m in Sources */,
				C7472CA41E24CD2A00890178 /* SENTopicCell.m in Sources */,
				C78D13F71DE7E0A800990EB2 /* SENRecommendListCell.m in Sources */,
				C78D13F31DE7DB8A00990EB2 /* SENRecommendList.m in Sources */,
				C78AA8B21DE1A4BD0098ACC7 /* UIBarButtonItem+SENExtension.m in Sources */,
				C7C55DEF1DE096EA003E46B2 /* SENFriendTrendsViewController.m in Sources */,
				C7946FCC1DF2ABBA0055C9AD /* SENLoginViewController.m in Sources */,
				C7826F201DF7A25D00D9E581 /* SENTextField.m in Sources */,
				C79EEC461E2B53E200CE9B05 /* SENTopicViewController.m in Sources */,
				C7C55DF31DE096EA003E46B2 /* SENTabBarController.m in Sources */,
				C7C55DF01DE096EA003E46B2 /* SENMeViewController.m in Sources */,
				C743B0251DEAB71000D1235A /* SENRecommendUser.m in Sources */,
				C7472CA01E24821800890178 /* SENTopic.m in Sources */,
				C78AA8AE1DE1804B0098ACC7 /* UIView+SENExtension.m in Sources */,
			);
			runOnlyForDeploymentPostprocessing = 0;
		};
		C72226411DDB0D7C00A321BA /* Sources */ = {
			isa = PBXSourcesBuildPhase;
			buildActionMask = 2147483647;
			files = (
				C722264A1DDB0D7C00A321BA /* _____SENTests.m in Sources */,
			);
			runOnlyForDeploymentPostprocessing = 0;
		};
		C722264C1DDB0D7C00A321BA /* Sources */ = {
			isa = PBXSourcesBuildPhase;
			buildActionMask = 2147483647;
			files = (
				C72226551DDB0D7C00A321BA /* _____SENUITests.m in Sources */,
			);
			runOnlyForDeploymentPostprocessing = 0;
		};
/* End PBXSourcesBuildPhase section */

/* Begin PBXTargetDependency section */
		C72226471DDB0D7C00A321BA /* PBXTargetDependency */ = {
			isa = PBXTargetDependency;
			target = C722262B1DDB0D7B00A321BA /* 百思不得姐SEN */;
			targetProxy = C72226461DDB0D7C00A321BA /* PBXContainerItemProxy */;
		};
		C72226521DDB0D7C00A321BA /* PBXTargetDependency */ = {
			isa = PBXTargetDependency;
			target = C722262B1DDB0D7B00A321BA /* 百思不得姐SEN */;
			targetProxy = C72226511DDB0D7C00A321BA /* PBXContainerItemProxy */;
		};
/* End PBXTargetDependency section */

/* Begin XCBuildConfiguration section */
		C72226571DDB0D7C00A321BA /* Debug */ = {
			isa = XCBuildConfiguration;
			buildSettings = {
				ALWAYS_SEARCH_USER_PATHS = NO;
				CLANG_ANALYZER_NONNULL = YES;
				CLANG_CXX_LANGUAGE_STANDARD = "gnu++0x";
				CLANG_CXX_LIBRARY = "libc++";
				CLANG_ENABLE_MODULES = YES;
				CLANG_ENABLE_OBJC_ARC = YES;
				CLANG_WARN_BOOL_CONVERSION = YES;
				CLANG_WARN_CONSTANT_CONVERSION = YES;
				CLANG_WARN_DIRECT_OBJC_ISA_USAGE = YES_ERROR;
				CLANG_WARN_EMPTY_BODY = YES;
				CLANG_WARN_ENUM_CONVERSION = YES;
				CLANG_WARN_INT_CONVERSION = YES;
				CLANG_WARN_OBJC_ROOT_CLASS = YES_ERROR;
				CLANG_WARN_UNREACHABLE_CODE = YES;
				CLANG_WARN__DUPLICATE_METHOD_MATCH = YES;
				"CODE_SIGN_IDENTITY[sdk=iphoneos*]" = "iPhone Developer";
				COPY_PHASE_STRIP = NO;
				DEBUG_INFORMATION_FORMAT = dwarf;
				ENABLE_STRICT_OBJC_MSGSEND = YES;
				ENABLE_TESTABILITY = YES;
				GCC_C_LANGUAGE_STANDARD = gnu99;
				GCC_DYNAMIC_NO_PIC = NO;
				GCC_NO_COMMON_BLOCKS = YES;
				GCC_OPTIMIZATION_LEVEL = 0;
				GCC_PREPROCESSOR_DEFINITIONS = (
					"DEBUG=1",
					"$(inherited)",
				);
				GCC_WARN_64_TO_32_BIT_CONVERSION = YES;
				GCC_WARN_ABOUT_RETURN_TYPE = YES_ERROR;
				GCC_WARN_UNDECLARED_SELECTOR = YES;
				GCC_WARN_UNINITIALIZED_AUTOS = YES_AGGRESSIVE;
				GCC_WARN_UNUSED_FUNCTION = YES;
				GCC_WARN_UNUSED_VARIABLE = YES;
				IPHONEOS_DEPLOYMENT_TARGET = 9.3;
				MTL_ENABLE_DEBUG_INFO = YES;
				ONLY_ACTIVE_ARCH = YES;
				SDKROOT = iphoneos;
				TARGETED_DEVICE_FAMILY = "1,2";
			};
			name = Debug;
		};
		C72226581DDB0D7C00A321BA /* Release */ = {
			isa = XCBuildConfiguration;
			buildSettings = {
				ALWAYS_SEARCH_USER_PATHS = NO;
				CLANG_ANALYZER_NONNULL = YES;
				CLANG_CXX_LANGUAGE_STANDARD = "gnu++0x";
				CLANG_CXX_LIBRARY = "libc++";
				CLANG_ENABLE_MODULES = YES;
				CLANG_ENABLE_OBJC_ARC = YES;
				CLANG_WARN_BOOL_CONVERSION = YES;
				CLANG_WARN_CONSTANT_CONVERSION = YES;
				CLANG_WARN_DIRECT_OBJC_ISA_USAGE = YES_ERROR;
				CLANG_WARN_EMPTY_BODY = YES;
				CLANG_WARN_ENUM_CONVERSION = YES;
				CLANG_WARN_INT_CONVERSION = YES;
				CLANG_WARN_OBJC_ROOT_CLASS = YES_ERROR;
				CLANG_WARN_UNREACHABLE_CODE = YES;
				CLANG_WARN__DUPLICATE_METHOD_MATCH = YES;
				"CODE_SIGN_IDENTITY[sdk=iphoneos*]" = "iPhone Developer";
				COPY_PHASE_STRIP = NO;
				DEBUG_INFORMATION_FORMAT = "dwarf-with-dsym";
				ENABLE_NS_ASSERTIONS = NO;
				ENABLE_STRICT_OBJC_MSGSEND = YES;
				GCC_C_LANGUAGE_STANDARD = gnu99;
				GCC_NO_COMMON_BLOCKS = YES;
				GCC_WARN_64_TO_32_BIT_CONVERSION = YES;
				GCC_WARN_ABOUT_RETURN_TYPE = YES_ERROR;
				GCC_WARN_UNDECLARED_SELECTOR = YES;
				GCC_WARN_UNINITIALIZED_AUTOS = YES_AGGRESSIVE;
				GCC_WARN_UNUSED_FUNCTION = YES;
				GCC_WARN_UNUSED_VARIABLE = YES;
				IPHONEOS_DEPLOYMENT_TARGET = 9.3;
				MTL_ENABLE_DEBUG_INFO = NO;
				SDKROOT = iphoneos;
				TARGETED_DEVICE_FAMILY = "1,2";
				VALIDATE_PRODUCT = YES;
			};
			name = Release;
		};
		C722265A1DDB0D7C00A321BA /* Debug */ = {
			isa = XCBuildConfiguration;
			baseConfigurationReference = 126D4356E3091657BCEDE535 /* Pods-百思不得姐SEN.debug.xcconfig */;
			buildSettings = {
				ASSETCATALOG_COMPILER_APPICON_NAME = AppIcon;
				ASSETCATALOG_COMPILER_LAUNCHIMAGE_NAME = LaunchImage;
				GCC_PREFIX_HEADER = "百思不得姐SEN/Classes/Others/PrefixHeader.pch";
				INFOPLIST_FILE = "百思不得姐SEN/Info.plist";
				LD_RUNPATH_SEARCH_PATHS = "$(inherited) @executable_path/Frameworks";
				PRODUCT_BUNDLE_IDENTIFIER = "com.14.-----SEN";
				PRODUCT_NAME = "$(TARGET_NAME)";
			};
			name = Debug;
		};
		C722265B1DDB0D7C00A321BA /* Release */ = {
			isa = XCBuildConfiguration;
			baseConfigurationReference = A7843EE8445223B1ACF04EB7 /* Pods-百思不得姐SEN.release.xcconfig */;
			buildSettings = {
				ASSETCATALOG_COMPILER_APPICON_NAME = AppIcon;
				ASSETCATALOG_COMPILER_LAUNCHIMAGE_NAME = LaunchImage;
				GCC_PREFIX_HEADER = "百思不得姐SEN/Classes/Others/PrefixHeader.pch";
				INFOPLIST_FILE = "百思不得姐SEN/Info.plist";
				LD_RUNPATH_SEARCH_PATHS = "$(inherited) @executable_path/Frameworks";
				PRODUCT_BUNDLE_IDENTIFIER = "com.14.-----SEN";
				PRODUCT_NAME = "$(TARGET_NAME)";
			};
			name = Release;
		};
		C722265D1DDB0D7C00A321BA /* Debug */ = {
			isa = XCBuildConfiguration;
			buildSettings = {
				BUNDLE_LOADER = "$(TEST_HOST)";
				INFOPLIST_FILE = "百思不得姐SENTests/Info.plist";
				LD_RUNPATH_SEARCH_PATHS = "$(inherited) @executable_path/Frameworks @loader_path/Frameworks";
				PRODUCT_BUNDLE_IDENTIFIER = "com.14.-----SENTests";
				PRODUCT_NAME = "$(TARGET_NAME)";
				TEST_HOST = "$(BUILT_PRODUCTS_DIR)/百思不得姐SEN.app/百思不得姐SEN";
			};
			name = Debug;
		};
		C722265E1DDB0D7C00A321BA /* Release */ = {
			isa = XCBuildConfiguration;
			buildSettings = {
				BUNDLE_LOADER = "$(TEST_HOST)";
				INFOPLIST_FILE = "百思不得姐SENTests/Info.plist";
				LD_RUNPATH_SEARCH_PATHS = "$(inherited) @executable_path/Frameworks @loader_path/Frameworks";
				PRODUCT_BUNDLE_IDENTIFIER = "com.14.-----SENTests";
				PRODUCT_NAME = "$(TARGET_NAME)";
				TEST_HOST = "$(BUILT_PRODUCTS_DIR)/百思不得姐SEN.app/百思不得姐SEN";
			};
			name = Release;
		};
		C72226601DDB0D7C00A321BA /* Debug */ = {
			isa = XCBuildConfiguration;
			buildSettings = {
				INFOPLIST_FILE = "百思不得姐SENUITests/Info.plist";
				LD_RUNPATH_SEARCH_PATHS = "$(inherited) @executable_path/Frameworks @loader_path/Frameworks";
				PRODUCT_BUNDLE_IDENTIFIER = "com.14.-----SENUITests";
				PRODUCT_NAME = "$(TARGET_NAME)";
				TEST_TARGET_NAME = "百思不得姐SEN";
			};
			name = Debug;
		};
		C72226611DDB0D7C00A321BA /* Release */ = {
			isa = XCBuildConfiguration;
			buildSettings = {
				INFOPLIST_FILE = "百思不得姐SENUITests/Info.plist";
				LD_RUNPATH_SEARCH_PATHS = "$(inherited) @executable_path/Frameworks @loader_path/Frameworks";
				PRODUCT_BUNDLE_IDENTIFIER = "com.14.-----SENUITests";
				PRODUCT_NAME = "$(TARGET_NAME)";
				TEST_TARGET_NAME = "百思不得姐SEN";
			};
			name = Release;
		};
/* End XCBuildConfiguration section */

/* Begin XCConfigurationList section */
		C72226271DDB0D7B00A321BA /* Build configuration list for PBXProject "百思不得姐SEN" */ = {
			isa = XCConfigurationList;
			buildConfigurations = (
				C72226571DDB0D7C00A321BA /* Debug */,
				C72226581DDB0D7C00A321BA /* Release */,
			);
			defaultConfigurationIsVisible = 0;
			defaultConfigurationName = Release;
		};
		C72226591DDB0D7C00A321BA /* Build configuration list for PBXNativeTarget "百思不得姐SEN" */ = {
			isa = XCConfigurationList;
			buildConfigurations = (
				C722265A1DDB0D7C00A321BA /* Debug */,
				C722265B1DDB0D7C00A321BA /* Release */,
			);
			defaultConfigurationIsVisible = 0;
			defaultConfigurationName = Release;
		};
		C722265C1DDB0D7C00A321BA /* Build configuration list for PBXNativeTarget "百思不得姐SENTests" */ = {
			isa = XCConfigurationList;
			buildConfigurations = (
				C722265D1DDB0D7C00A321BA /* Debug */,
				C722265E1DDB0D7C00A321BA /* Release */,
			);
			defaultConfigurationIsVisible = 0;
			defaultConfigurationName = Release;
		};
		C722265F1DDB0D7C00A321BA /* Build configuration list for PBXNativeTarget "百思不得姐SENUITests" */ = {
			isa = XCConfigurationList;
			buildConfigurations = (
				C72226601DDB0D7C00A321BA /* Debug */,
				C72226611DDB0D7C00A321BA /* Release */,
			);
			defaultConfigurationIsVisible = 0;
			defaultConfigurationName = Release;
		};
/* End XCConfigurationList section */
	};
	rootObject = C72226241DDB0D7B00A321BA /* Project object */;
}
